{
  "name": "newton_test",
  "lockfileVersion": 2,
  "requires": true,
  "packages": {
    "": {
      "dependencies": {
        "agora-rtc-sdk-ng": "^4.14.0"
      }
    },
    "node_modules/agora-rtc-sdk-ng": {
      "version": "4.14.0",
      "resolved": "https://registry.npmjs.org/agora-rtc-sdk-ng/-/agora-rtc-sdk-ng-4.14.0.tgz",
      "integrity": "sha512-87WZEz+Lkhs39/K9iqBeQYUl6HIWoiyicez/DxspQ37N9NRWRRmoLVS1yUfG6FPWWxZiY+VEJbzPLPhuAihrpQ==",
      "dependencies": {
        "agora-rte-extension": "^1.0.22"
      }
    },
    "node_modules/agora-rte-extension": {
      "version": "1.1.0",
      "resolved": "https://registry.npmjs.org/agora-rte-extension/-/agora-rte-extension-1.1.0.tgz",
      "integrity": "sha512-HGsr7dJ5FHeCVHTLHCUfQ6cvKVLJz9b11F/FZbSQ/IqYlGZwRdu5E6hVdWenjWyYiqmpZm+nCP9IIqXSA+BPwA=="
    }
  },
  "dependencies": {
    "agora-rtc-sdk-ng": {
      "version": "4.14.0",
      "resolved": "https://registry.npmjs.org/agora-rtc-sdk-ng/-/agora-rtc-sdk-ng-4.14.0.tgz",
      "integrity": "sha512-87WZEz+Lkhs39/K9iqBeQYUl6HIWoiyicez/DxspQ37N9NRWRRmoLVS1yUfG6FPWWxZiY+VEJbzPLPhuAihrpQ==",
      "requires": {
        "agora-rte-extension": "^1.0.22"
      }
    },
    "agora-rte-extension": {
      "version": "1.1.0",
      "resolved": "https://registry.npmjs.org/agora-rte-extension/-/agora-rte-extension-1.1.0.tgz",
      "integrity": "sha512-HGsr7dJ5FHeCVHTLHCUfQ6cvKVLJz9b11F/FZbSQ/IqYlGZwRdu5E6hVdWenjWyYiqmpZm+nCP9IIqXSA+BPwA=="
    }
  }
}
